
Microsoft Visual Studio Solution File, Format Version 12.00
# Visual Studio Version 17
VisualStudioVersion = 17.8.34525.116
MinimumVisualStudioVersion = 10.0.40219.1
Project("{FAE04EC0-301F-11D3-BF4B-00C04F79EFBC}") = "Week9Lists", "Week9Lists\Week9Lists.csproj", "{66C897D1-2D93-4591-9357-558A275F615C}"
EndProject
Global
	GlobalSection(SolutionConfigurationPlatforms) = preSolution
		Debug|Any CPU = Debug|Any CPU
		Release|Any CPU = Release|Any CPU
	EndGlobalSection
	GlobalSection(ProjectConfigurationPlatforms) = postSolution
		{66C897D1-2D93-4591-9357-558A275F615C}.Debug|Any CPU.ActiveCfg = Debug|Any CPU
		{66C897D1-2D93-4591-9357-558A275F615C}.Debug|Any CPU.Build.0 = Debug|Any CPU
		{66C897D1-2D93-4591-9357-558A275F615C}.Release|Any CPU.ActiveCfg = Release|Any CPU
		{66C897D1-2D93-4591-9357-558A275F615C}.Release|Any CPU.Build.0 = Release|Any CPU
	EndGlobalSection
	GlobalSection(SolutionProperties) = preSolution
		HideSolutionNode = FALSE
	EndGlobalSection
	GlobalSection(ExtensibilityGlobals) = postSolution
		SolutionGuid = {2004F038-8D69-4AD9-B1A9-DCA6C3897D27}
	EndGlobalSection
EndGlobal
